// !$*UTF8*$!
{
	archiveVersion = 1;
	classes = {
	};
	objectVersion = 56;
	objects = {

/* Begin PBXBuildFile section */
		3801EAB12BF9188100C204C2 /* ProcessingView.swift in Sources */ = {isa = PBXBuildFile; fileRef = 3801EAB02BF9188100C204C2 /* ProcessingView.swift */; };
		384E8FE22C241A3D0011B397 /* ChartsView.swift in Sources */ = {isa = PBXBuildFile; fileRef = 384E8FE12C241A3D0011B397 /* ChartsView.swift */; };
		384E8FE42C24494E0011B397 /* PurchaseView.swift in Sources */ = {isa = PBXBuildFile; fileRef = 384E8FE32C24494E0011B397 /* PurchaseView.swift */; };
		384E8FE62C24F6C30011B397 /* InAppPurchases.swift in Sources */ = {isa = PBXBuildFile; fileRef = 384E8FE52C24F6C30011B397 /* InAppPurchases.swift */; };
		3853E41F2BF80FEE00958AB4 /* Utilities.swift in Sources */ = {isa = PBXBuildFile; fileRef = 3853E41E2BF80FEE00958AB4 /* Utilities.swift */; };
		3853E4232BF8463B00958AB4 /* Weight.swift in Sources */ = {isa = PBXBuildFile; fileRef = 3853E4222BF8463B00958AB4 /* Weight.swift */; };
		3853E4252BF84AD300958AB4 /* SettingsView.swift in Sources */ = {isa = PBXBuildFile; fileRef = 3853E4242BF84AD300958AB4 /* SettingsView.swift */; };
		3853E4272BF85AC500958AB4 /* Miscellaneous.swift in Sources */ = {isa = PBXBuildFile; fileRef = 3853E4262BF85AC500958AB4 /* Miscellaneous.swift */; };
		3853E4292BF85CC800958AB4 /* AddView.swift in Sources */ = {isa = PBXBuildFile; fileRef = 3853E4282BF85CC800958AB4 /* AddView.swift */; };
		3853E42B2BF88E4B00958AB4 /* AI.swift in Sources */ = {isa = PBXBuildFile; fileRef = 3853E42A2BF88E4B00958AB4 /* AI.swift */; };
		3882D8632BFBF17B000E473D /* BarcodeScannerView.swift in Sources */ = {isa = PBXBuildFile; fileRef = 3882D8622BFBF17B000E473D /* BarcodeScannerView.swift */; };
		389B41672BFAD6E300354B0E /* MealView.swift in Sources */ = {isa = PBXBuildFile; fileRef = 389B41662BFAD6E300354B0E /* MealView.swift */; };
		38C2ED562BF4680E00B2C7C8 /* Calorie_CounterApp.swift in Sources */ = {isa = PBXBuildFile; fileRef = 38C2ED552BF4680E00B2C7C8 /* Calorie_CounterApp.swift */; };
		38C2ED5C2BF4681000B2C7C8 /* Assets.xcassets in Resources */ = {isa = PBXBuildFile; fileRef = 38C2ED5B2BF4681000B2C7C8 /* Assets.xcassets */; };
		38C2ED5F2BF4681000B2C7C8 /* Preview Assets.xcassets in Resources */ = {isa = PBXBuildFile; fileRef = 38C2ED5E2BF4681000B2C7C8 /* Preview Assets.xcassets */; };
		38C2ED662BF4685200B2C7C8 /* Meal.swift in Sources */ = {isa = PBXBuildFile; fileRef = 38C2ED652BF4685200B2C7C8 /* Meal.swift */; };
		38C2ED682BF46C3E00B2C7C8 /* SummaryView.swift in Sources */ = {isa = PBXBuildFile; fileRef = 38C2ED672BF46C3E00B2C7C8 /* SummaryView.swift */; };
		38C2ED6C2BF4771600B2C7C8 /* LargeCardView.swift in Sources */ = {isa = PBXBuildFile; fileRef = 38C2ED6B2BF4771600B2C7C8 /* LargeCardView.swift */; };
		38C2ED6E2BF47EDB00B2C7C8 /* CircularProgressView.swift in Sources */ = {isa = PBXBuildFile; fileRef = 38C2ED6D2BF47EDB00B2C7C8 /* CircularProgressView.swift */; };
		38C2ED702BF4804800B2C7C8 /* MainTabView.swift in Sources */ = {isa = PBXBuildFile; fileRef = 38C2ED6F2BF4804800B2C7C8 /* MainTabView.swift */; };
		38C2ED722BF4815500B2C7C8 /* MacrosView.swift in Sources */ = {isa = PBXBuildFile; fileRef = 38C2ED712BF4815500B2C7C8 /* MacrosView.swift */; };
		38C2ED742BF494D900B2C7C8 /* MealCardView.swift in Sources */ = {isa = PBXBuildFile; fileRef = 38C2ED732BF494D900B2C7C8 /* MealCardView.swift */; };
		38C2ED762BF4972E00B2C7C8 /* WelcomeView.swift in Sources */ = {isa = PBXBuildFile; fileRef = 38C2ED752BF4972E00B2C7C8 /* WelcomeView.swift */; };
		38F3589E2BFBBC3E006B2CF7 /* ImagePickerView.swift in Sources */ = {isa = PBXBuildFile; fileRef = 38F3589D2BFBBC3E006B2CF7 /* ImagePickerView.swift */; };
/* End PBXBuildFile section */

/* Begin PBXFileReference section */
		3801EAB02BF9188100C204C2 /* ProcessingView.swift */ = {isa = PBXFileReference; lastKnownFileType = sourcecode.swift; path = ProcessingView.swift; sourceTree = "<group>"; };
		3801EAB62BF946F600C204C2 /* Calorie-Counter-Info.plist */ = {isa = PBXFileReference; lastKnownFileType = text.plist; path = "Calorie-Counter-Info.plist"; sourceTree = SOURCE_ROOT; };
		384E8FE12C241A3D0011B397 /* ChartsView.swift */ = {isa = PBXFileReference; lastKnownFileType = sourcecode.swift; path = ChartsView.swift; sourceTree = "<group>"; };
		384E8FE32C24494E0011B397 /* PurchaseView.swift */ = {isa = PBXFileReference; lastKnownFileType = sourcecode.swift; path = PurchaseView.swift; sourceTree = "<group>"; };
		384E8FE52C24F6C30011B397 /* InAppPurchases.swift */ = {isa = PBXFileReference; lastKnownFileType = sourcecode.swift; path = InAppPurchases.swift; sourceTree = "<group>"; };
		384E8FE72C24FBE30011B397 /* Jim's Calorie Counter.storekit */ = {isa = PBXFileReference; lastKnownFileType = text; path = "Jim's Calorie Counter.storekit"; sourceTree = "<group>"; };
		3853E41E2BF80FEE00958AB4 /* Utilities.swift */ = {isa = PBXFileReference; lastKnownFileType = sourcecode.swift; path = Utilities.swift; sourceTree = "<group>"; };
		3853E4222BF8463B00958AB4 /* Weight.swift */ = {isa = PBXFileReference; lastKnownFileType = sourcecode.swift; path = Weight.swift; sourceTree = "<group>"; };
		3853E4242BF84AD300958AB4 /* SettingsView.swift */ = {isa = PBXFileReference; lastKnownFileType = sourcecode.swift; path = SettingsView.swift; sourceTree = "<group>"; };
		3853E4262BF85AC500958AB4 /* Miscellaneous.swift */ = {isa = PBXFileReference; lastKnownFileType = sourcecode.swift; path = Miscellaneous.swift; sourceTree = "<group>"; };
		3853E4282BF85CC800958AB4 /* AddView.swift */ = {isa = PBXFileReference; lastKnownFileType = sourcecode.swift; path = AddView.swift; sourceTree = "<group>"; };
		3853E42A2BF88E4B00958AB4 /* AI.swift */ = {isa = PBXFileReference; lastKnownFileType = sourcecode.swift; path = AI.swift; sourceTree = "<group>"; };
		3882D8622BFBF17B000E473D /* BarcodeScannerView.swift */ = {isa = PBXFileReference; lastKnownFileType = sourcecode.swift; path = BarcodeScannerView.swift; sourceTree = "<group>"; };
		389B41662BFAD6E300354B0E /* MealView.swift */ = {isa = PBXFileReference; lastKnownFileType = sourcecode.swift; path = MealView.swift; sourceTree = "<group>"; };
		38C2ED522BF4680E00B2C7C8 /* Calorie Counter.app */ = {isa = PBXFileReference; explicitFileType = wrapper.application; includeInIndex = 0; path = "Calorie Counter.app"; sourceTree = BUILT_PRODUCTS_DIR; };
		38C2ED552BF4680E00B2C7C8 /* Calorie_CounterApp.swift */ = {isa = PBXFileReference; lastKnownFileType = sourcecode.swift; path = Calorie_CounterApp.swift; sourceTree = "<group>"; };
		38C2ED5B2BF4681000B2C7C8 /* Assets.xcassets */ = {isa = PBXFileReference; lastKnownFileType = folder.assetcatalog; path = Assets.xcassets; sourceTree = "<group>"; };
		38C2ED5E2BF4681000B2C7C8 /* Preview Assets.xcassets */ = {isa = PBXFileReference; lastKnownFileType = folder.assetcatalog; path = "Preview Assets.xcassets"; sourceTree = "<group>"; };
		38C2ED652BF4685200B2C7C8 /* Meal.swift */ = {isa = PBXFileReference; lastKnownFileType = sourcecode.swift; path = Meal.swift; sourceTree = "<group>"; };
		38C2ED672BF46C3E00B2C7C8 /* SummaryView.swift */ = {isa = PBXFileReference; lastKnownFileType = sourcecode.swift; path = SummaryView.swift; sourceTree = "<group>"; };
		38C2ED6B2BF4771600B2C7C8 /* LargeCardView.swift */ = {isa = PBXFileReference; lastKnownFileType = sourcecode.swift; path = LargeCardView.swift; sourceTree = "<group>"; };
		38C2ED6D2BF47EDB00B2C7C8 /* CircularProgressView.swift */ = {isa = PBXFileReference; lastKnownFileType = sourcecode.swift; path = CircularProgressView.swift; sourceTree = "<group>"; };
		38C2ED6F2BF4804800B2C7C8 /* MainTabView.swift */ = {isa = PBXFileReference; lastKnownFileType = sourcecode.swift; path = MainTabView.swift; sourceTree = "<group>"; };
		38C2ED712BF4815500B2C7C8 /* MacrosView.swift */ = {isa = PBXFileReference; lastKnownFileType = sourcecode.swift; path = MacrosView.swift; sourceTree = "<group>"; };
		38C2ED732BF494D900B2C7C8 /* MealCardView.swift */ = {isa = PBXFileReference; lastKnownFileType = sourcecode.swift; path = MealCardView.swift; sourceTree = "<group>"; };
		38C2ED752BF4972E00B2C7C8 /* WelcomeView.swift */ = {isa = PBXFileReference; lastKnownFileType = sourcecode.swift; path = WelcomeView.swift; sourceTree = "<group>"; };
		38C2ED772BF6F35500B2C7C8 /* Calorie Counter.entitlements */ = {isa = PBXFileReference; lastKnownFileType = text.plist.entitlements; path = "Calorie Counter.entitlements"; sourceTree = "<group>"; };
		38F3589D2BFBBC3E006B2CF7 /* ImagePickerView.swift */ = {isa = PBXFileReference; lastKnownFileType = sourcecode.swift; path = ImagePickerView.swift; sourceTree = "<group>"; };
/* End PBXFileReference section */

/* Begin PBXFrameworksBuildPhase section */
		38C2ED4F2BF4680E00B2C7C8 /* Frameworks */ = {
			isa = PBXFrameworksBuildPhase;
			buildActionMask = 2147483647;
			files = (
			);
			runOnlyForDeploymentPostprocessing = 0;
		};
/* End PBXFrameworksBuildPhase section */

/* Begin PBXGroup section */
		38C2ED492BF4680E00B2C7C8 = {
			isa = PBXGroup;
			children = (
				38C2ED542BF4680E00B2C7C8 /* Calorie Counter */,
				38C2ED532BF4680E00B2C7C8 /* Products */,
			);
			sourceTree = "<group>";
		};
		38C2ED532BF4680E00B2C7C8 /* Products */ = {
			isa = PBXGroup;
			children = (
				38C2ED522BF4680E00B2C7C8 /* Calorie Counter.app */,
			);
			name = Products;
			sourceTree = "<group>";
		};
		38C2ED542BF4680E00B2C7C8 /* Calorie Counter */ = {
			isa = PBXGroup;
			children = (
				384E8FE72C24FBE30011B397 /* Jim's Calorie Counter.storekit */,
				3801EAB62BF946F600C204C2 /* Calorie-Counter-Info.plist */,
				38C2ED7C2BF7AEBA00B2C7C8 /* Screens */,
				38C2ED7B2BF7AEAA00B2C7C8 /* Components */,
				38C2ED7A2BF7AE9300B2C7C8 /* Model */,
				38C2ED772BF6F35500B2C7C8 /* Calorie Counter.entitlements */,
				38C2ED552BF4680E00B2C7C8 /* Calorie_CounterApp.swift */,
				38C2ED5B2BF4681000B2C7C8 /* Assets.xcassets */,
				38C2ED5D2BF4681000B2C7C8 /* Preview Content */,
			);
			path = "Calorie Counter";
			sourceTree = "<group>";
		};
		38C2ED5D2BF4681000B2C7C8 /* Preview Content */ = {
			isa = PBXGroup;
			children = (
				38C2ED5E2BF4681000B2C7C8 /* Preview Assets.xcassets */,
			);
			path = "Preview Content";
			sourceTree = "<group>";
		};
		38C2ED7A2BF7AE9300B2C7C8 /* Model */ = {
			isa = PBXGroup;
			children = (
				38C2ED652BF4685200B2C7C8 /* Meal.swift */,
				3853E4222BF8463B00958AB4 /* Weight.swift */,
			);
			path = Model;
			sourceTree = "<group>";
		};
		38C2ED7B2BF7AEAA00B2C7C8 /* Components */ = {
			isa = PBXGroup;
			children = (
				38C2ED732BF494D900B2C7C8 /* MealCardView.swift */,
				38C2ED6D2BF47EDB00B2C7C8 /* CircularProgressView.swift */,
				38C2ED712BF4815500B2C7C8 /* MacrosView.swift */,
				38C2ED6B2BF4771600B2C7C8 /* LargeCardView.swift */,
				3853E41E2BF80FEE00958AB4 /* Utilities.swift */,
				3853E4262BF85AC500958AB4 /* Miscellaneous.swift */,
				3853E42A2BF88E4B00958AB4 /* AI.swift */,
				38F3589D2BFBBC3E006B2CF7 /* ImagePickerView.swift */,
				3882D8622BFBF17B000E473D /* BarcodeScannerView.swift */,
				384E8FE52C24F6C30011B397 /* InAppPurchases.swift */,
			);
			path = Components;
			sourceTree = "<group>";
		};
		38C2ED7C2BF7AEBA00B2C7C8 /* Screens */ = {
			isa = PBXGroup;
			children = (
				38C2ED6F2BF4804800B2C7C8 /* MainTabView.swift */,
				38C2ED752BF4972E00B2C7C8 /* WelcomeView.swift */,
				38C2ED672BF46C3E00B2C7C8 /* SummaryView.swift */,
				3853E4242BF84AD300958AB4 /* SettingsView.swift */,
				3853E4282BF85CC800958AB4 /* AddView.swift */,
				3801EAB02BF9188100C204C2 /* ProcessingView.swift */,
				389B41662BFAD6E300354B0E /* MealView.swift */,
				384E8FE12C241A3D0011B397 /* ChartsView.swift */,
				384E8FE32C24494E0011B397 /* PurchaseView.swift */,
			);
			path = Screens;
			sourceTree = "<group>";
		};
/* End PBXGroup section */

/* Begin PBXNativeTarget section */
		38C2ED512BF4680E00B2C7C8 /* Calorie Counter */ = {
			isa = PBXNativeTarget;
			buildConfigurationList = 38C2ED622BF4681000B2C7C8 /* Build configuration list for PBXNativeTarget "Calorie Counter" */;
			buildPhases = (
				38C2ED4E2BF4680E00B2C7C8 /* Sources */,
				38C2ED4F2BF4680E00B2C7C8 /* Frameworks */,
				38C2ED502BF4680E00B2C7C8 /* Resources */,
			);
			buildRules = (
			);
			dependencies = (
			);
			name = "Calorie Counter";
			productName = "Calorie Counter";
			productReference = 38C2ED522BF4680E00B2C7C8 /* Calorie Counter.app */;
			productType = "com.apple.product-type.application";
		};
/* End PBXNativeTarget section */

/* Begin PBXProject section */
		38C2ED4A2BF4680E00B2C7C8 /* Project object */ = {
			isa = PBXProject;
			attributes = {
				BuildIndependentTargetsInParallel = 1;
				LastSwiftUpdateCheck = 1540;
				LastUpgradeCheck = 1540;
				TargetAttributes = {
					38C2ED512BF4680E00B2C7C8 = {
						CreatedOnToolsVersion = 15.4;
					};
				};
			};
			buildConfigurationList = 38C2ED4D2BF4680E00B2C7C8 /* Build configuration list for PBXProject "Calorie Counter" */;
			compatibilityVersion = "Xcode 14.0";
			developmentRegion = en;
			hasScannedForEncodings = 0;
			knownRegions = (
				en,
				Base,
			);
			mainGroup = 38C2ED492BF4680E00B2C7C8;
			productRefGroup = 38C2ED532BF4680E00B2C7C8 /* Products */;
			projectDirPath = "";
			projectRoot = "";
			targets = (
				38C2ED512BF4680E00B2C7C8 /* Calorie Counter */,
			);
		};
/* End PBXProject section */

/* Begin PBXResourcesBuildPhase section */
		38C2ED502BF4680E00B2C7C8 /* Resources */ = {
			isa = PBXResourcesBuildPhase;
			buildActionMask = 2147483647;
			files = (
				38C2ED5F2BF4681000B2C7C8 /* Preview Assets.xcassets in Resources */,
				38C2ED5C2BF4681000B2C7C8 /* Assets.xcassets in Resources */,
			);
			runOnlyForDeploymentPostprocessing = 0;
		};
/* End PBXResourcesBuildPhase section */

/* Begin PBXSourcesBuildPhase section */
		38C2ED4E2BF4680E00B2C7C8 /* Sources */ = {
			isa = PBXSourcesBuildPhase;
			buildActionMask = 2147483647;
			files = (
				384E8FE42C24494E0011B397 /* PurchaseView.swift in Sources */,
				38C2ED722BF4815500B2C7C8 /* MacrosView.swift in Sources */,
				38C2ED742BF494D900B2C7C8 /* MealCardView.swift in Sources */,
				3853E4292BF85CC800958AB4 /* AddView.swift in Sources */,
				38C2ED662BF4685200B2C7C8 /* Meal.swift in Sources */,
				389B41672BFAD6E300354B0E /* MealView.swift in Sources */,
				3853E41F2BF80FEE00958AB4 /* Utilities.swift in Sources */,
				38C2ED702BF4804800B2C7C8 /* MainTabView.swift in Sources */,
				384E8FE22C241A3D0011B397 /* ChartsView.swift in Sources */,
				38C2ED762BF4972E00B2C7C8 /* WelcomeView.swift in Sources */,
				38C2ED682BF46C3E00B2C7C8 /* SummaryView.swift in Sources */,
				384E8FE62C24F6C30011B397 /* InAppPurchases.swift in Sources */,
				3853E4272BF85AC500958AB4 /* Miscellaneous.swift in Sources */,
				38C2ED6C2BF4771600B2C7C8 /* LargeCardView.swift in Sources */,
				3882D8632BFBF17B000E473D /* BarcodeScannerView.swift in Sources */,
				38C2ED6E2BF47EDB00B2C7C8 /* CircularProgressView.swift in Sources */,
				38C2ED562BF4680E00B2C7C8 /* Calorie_CounterApp.swift in Sources */,
				3853E42B2BF88E4B00958AB4 /* AI.swift in Sources */,
				3853E4232BF8463B00958AB4 /* Weight.swift in Sources */,
				3801EAB12BF9188100C204C2 /* ProcessingView.swift in Sources */,
				3853E4252BF84AD300958AB4 /* SettingsView.swift in Sources */,
				38F3589E2BFBBC3E006B2CF7 /* ImagePickerView.swift in Sources */,
			);
			runOnlyForDeploymentPostprocessing = 0;
		};
/* End PBXSourcesBuildPhase section */

/* Begin XCBuildConfiguration section */
		38C2ED602BF4681000B2C7C8 /* Debug */ = {
			isa = XCBuildConfiguration;
			buildSettings = {
				ALWAYS_SEARCH_USER_PATHS = NO;
				ASSETCATALOG_COMPILER_GENERATE_SWIFT_ASSET_SYMBOL_EXTENSIONS = YES;
				CLANG_ANALYZER_NONNULL = YES;
				CLANG_ANALYZER_NUMBER_OBJECT_CONVERSION = YES_AGGRESSIVE;
				CLANG_CXX_LANGUAGE_STANDARD = "gnu++20";
				CLANG_ENABLE_MODULES = YES;
				CLANG_ENABLE_OBJC_ARC = YES;
				CLANG_ENABLE_OBJC_WEAK = YES;
				CLANG_WARN_BLOCK_CAPTURE_AUTORELEASING = YES;
				CLANG_WARN_BOOL_CONVERSION = YES;
				CLANG_WARN_COMMA = YES;
				CLANG_WARN_CONSTANT_CONVERSION = YES;
				CLANG_WARN_DEPRECATED_OBJC_IMPLEMENTATIONS = YES;
				CLANG_WARN_DIRECT_OBJC_ISA_USAGE = YES_ERROR;
				CLANG_WARN_DOCUMENTATION_COMMENTS = YES;
				CLANG_WARN_EMPTY_BODY = YES;
				CLANG_WARN_ENUM_CONVERSION = YES;
				CLANG_WARN_INFINITE_RECURSION = YES;
				CLANG_WARN_INT_CONVERSION = YES;
				CLANG_WARN_NON_LITERAL_NULL_CONVERSION = YES;
				CLANG_WARN_OBJC_IMPLICIT_RETAIN_SELF = YES;
				CLANG_WARN_OBJC_LITERAL_CONVERSION = YES;
				CLANG_WARN_OBJC_ROOT_CLASS = YES_ERROR;
				CLANG_WARN_QUOTED_INCLUDE_IN_FRAMEWORK_HEADER = YES;
				CLANG_WARN_RANGE_LOOP_ANALYSIS = YES;
				CLANG_WARN_STRICT_PROTOTYPES = YES;
				CLANG_WARN_SUSPICIOUS_MOVE = YES;
				CLANG_WARN_UNGUARDED_AVAILABILITY = YES_AGGRESSIVE;
				CLANG_WARN_UNREACHABLE_CODE = YES;
				CLANG_WARN__DUPLICATE_METHOD_MATCH = YES;
				COPY_PHASE_STRIP = NO;
				DEBUG_INFORMATION_FORMAT = dwarf;
				ENABLE_STRICT_OBJC_MSGSEND = YES;
				ENABLE_TESTABILITY = YES;
				ENABLE_USER_SCRIPT_SANDBOXING = YES;
				GCC_C_LANGUAGE_STANDARD = gnu17;
				GCC_DYNAMIC_NO_PIC = NO;
				GCC_NO_COMMON_BLOCKS = YES;
				GCC_OPTIMIZATION_LEVEL = 0;
				GCC_PREPROCESSOR_DEFINITIONS = (
					"DEBUG=1",
					"$(inherited)",
				);
				GCC_WARN_64_TO_32_BIT_CONVERSION = YES;
				GCC_WARN_ABOUT_RETURN_TYPE = YES_ERROR;
				GCC_WARN_UNDECLARED_SELECTOR = YES;
				GCC_WARN_UNINITIALIZED_AUTOS = YES_AGGRESSIVE;
				GCC_WARN_UNUSED_FUNCTION = YES;
				GCC_WARN_UNUSED_VARIABLE = YES;
				IPHONEOS_DEPLOYMENT_TARGET = 17.5;
				LOCALIZATION_PREFERS_STRING_CATALOGS = YES;
				MTL_ENABLE_DEBUG_INFO = INCLUDE_SOURCE;
				MTL_FAST_MATH = YES;
				ONLY_ACTIVE_ARCH = YES;
				SDKROOT = iphoneos;
				SWIFT_ACTIVE_COMPILATION_CONDITIONS = "DEBUG $(inherited)";
				SWIFT_OPTIMIZATION_LEVEL = "-Onone";
			};
			name = Debug;
		};
		38C2ED612BF4681000B2C7C8 /* Release */ = {
			isa = XCBuildConfiguration;
			buildSettings = {
				ALWAYS_SEARCH_USER_PATHS = NO;
				ASSETCATALOG_COMPILER_GENERATE_SWIFT_ASSET_SYMBOL_EXTENSIONS = YES;
				CLANG_ANALYZER_NONNULL = YES;
				CLANG_ANALYZER_NUMBER_OBJECT_CONVERSION = YES_AGGRESSIVE;
				CLANG_CXX_LANGUAGE_STANDARD = "gnu++20";
				CLANG_ENABLE_MODULES = YES;
				CLANG_ENABLE_OBJC_ARC = YES;
				CLANG_ENABLE_OBJC_WEAK = YES;
				CLANG_WARN_BLOCK_CAPTURE_AUTORELEASING = YES;
				CLANG_WARN_BOOL_CONVERSION = YES;
				CLANG_WARN_COMMA = YES;
				CLANG_WARN_CONSTANT_CONVERSION = YES;
				CLANG_WARN_DEPRECATED_OBJC_IMPLEMENTATIONS = YES;
				CLANG_WARN_DIRECT_OBJC_ISA_USAGE = YES_ERROR;
				CLANG_WARN_DOCUMENTATION_COMMENTS = YES;
				CLANG_WARN_EMPTY_BODY = YES;
				CLANG_WARN_ENUM_CONVERSION = YES;
				CLANG_WARN_INFINITE_RECURSION = YES;
				CLANG_WARN_INT_CONVERSION = YES;
				CLANG_WARN_NON_LITERAL_NULL_CONVERSION = YES;
				CLANG_WARN_OBJC_IMPLICIT_RETAIN_SELF = YES;
				CLANG_WARN_OBJC_LITERAL_CONVERSION = YES;
				CLANG_WARN_OBJC_ROOT_CLASS = YES_ERROR;
				CLANG_WARN_QUOTED_INCLUDE_IN_FRAMEWORK_HEADER = YES;
				CLANG_WARN_RANGE_LOOP_ANALYSIS = YES;
				CLANG_WARN_STRICT_PROTOTYPES = YES;
				CLANG_WARN_SUSPICIOUS_MOVE = YES;
				CLANG_WARN_UNGUARDED_AVAILABILITY = YES_AGGRESSIVE;
				CLANG_WARN_UNREACHABLE_CODE = YES;
				CLANG_WARN__DUPLICATE_METHOD_MATCH = YES;
				COPY_PHASE_STRIP = NO;
				DEBUG_INFORMATION_FORMAT = "dwarf-with-dsym";
				ENABLE_NS_ASSERTIONS = NO;
				ENABLE_STRICT_OBJC_MSGSEND = YES;
				ENABLE_USER_SCRIPT_SANDBOXING = YES;
				GCC_C_LANGUAGE_STANDARD = gnu17;
				GCC_NO_COMMON_BLOCKS = YES;
				GCC_WARN_64_TO_32_BIT_CONVERSION = YES;
				GCC_WARN_ABOUT_RETURN_TYPE = YES_ERROR;
				GCC_WARN_UNDECLARED_SELECTOR = YES;
				GCC_WARN_UNINITIALIZED_AUTOS = YES_AGGRESSIVE;
				GCC_WARN_UNUSED_FUNCTION = YES;
				GCC_WARN_UNUSED_VARIABLE = YES;
				IPHONEOS_DEPLOYMENT_TARGET = 17.5;
				LOCALIZATION_PREFERS_STRING_CATALOGS = YES;
				MTL_ENABLE_DEBUG_INFO = NO;
				MTL_FAST_MATH = YES;
				SDKROOT = iphoneos;
				SWIFT_COMPILATION_MODE = wholemodule;
				VALIDATE_PRODUCT = YES;
			};
			name = Release;
		};
		38C2ED632BF4681000B2C7C8 /* Debug */ = {
			isa = XCBuildConfiguration;
			buildSettings = {
				ASSETCATALOG_COMPILER_APPICON_NAME = AppIcon;
				ASSETCATALOG_COMPILER_GLOBAL_ACCENT_COLOR_NAME = AccentColor;
				CODE_SIGN_ENTITLEMENTS = "Calorie Counter/Calorie Counter.entitlements";
				CODE_SIGN_STYLE = Automatic;
				CURRENT_PROJECT_VERSION = 1;
				DEVELOPMENT_ASSET_PATHS = "\"Calorie Counter/Preview Content\"";
				DEVELOPMENT_TEAM = 534DZJT62R;
				ENABLE_PREVIEWS = YES;
				GENERATE_INFOPLIST_FILE = YES;
				INFOPLIST_FILE = "Calorie-Counter-Info.plist";
				INFOPLIST_KEY_CFBundleDisplayName = "Jim's";
				INFOPLIST_KEY_LSApplicationCategoryType = "public.app-category.healthcare-fitness";
				INFOPLIST_KEY_NSCameraUsageDescription = "We use your camera to add meals when requested.";
				INFOPLIST_KEY_NSPhotoLibraryUsageDescription = "We use photos to add meals when requested.";
				INFOPLIST_KEY_UIApplicationSceneManifest_Generation = YES;
				INFOPLIST_KEY_UIApplicationSupportsIndirectInputEvents = YES;
				INFOPLIST_KEY_UILaunchScreen_Generation = YES;
				INFOPLIST_KEY_UISupportedInterfaceOrientations = UIInterfaceOrientationPortrait;
				INFOPLIST_KEY_UISupportedInterfaceOrientations_iPad = "UIInterfaceOrientationLandscapeLeft UIInterfaceOrientationLandscapeRight UIInterfaceOrientationPortrait UIInterfaceOrientationPortraitUpsideDown";
				INFOPLIST_KEY_UIUserInterfaceStyle = Light;
				IPHONEOS_DEPLOYMENT_TARGET = 17.0;
				LD_RUNPATH_SEARCH_PATHS = (
					"$(inherited)",
					"@executable_path/Frameworks",
				);
				MARKETING_VERSION = 0.7.0;
				PRODUCT_BUNDLE_IDENTIFIER = "cx.jims.calorie-counter";
				PRODUCT_NAME = "$(TARGET_NAME)";
				SUPPORTED_PLATFORMS = "iphoneos iphonesimulator";
				SUPPORTS_MACCATALYST = NO;
				SUPPORTS_MAC_DESIGNED_FOR_IPHONE_IPAD = NO;
				SUPPORTS_XR_DESIGNED_FOR_IPHONE_IPAD = NO;
				SWIFT_EMIT_LOC_STRINGS = YES;
				SWIFT_VERSION = 5.0;
				TARGETED_DEVICE_FAMILY = 1;
			};
			name = Debug;
		};
		38C2ED642BF4681000B2C7C8 /* Release */ = {
			isa = XCBuildConfiguration;
			buildSettings = {
				ASSETCATALOG_COMPILER_APPICON_NAME = AppIcon;
				ASSETCATALOG_COMPILER_GLOBAL_ACCENT_COLOR_NAME = AccentColor;
				CODE_SIGN_ENTITLEMENTS = "Calorie Counter/Calorie Counter.entitlements";
				CODE_SIGN_STYLE = Automatic;
				CURRENT_PROJECT_VERSION = 1;
				DEVELOPMENT_ASSET_PATHS = "\"Calorie Counter/Preview Content\"";
				DEVELOPMENT_TEAM = 534DZJT62R;
				ENABLE_PREVIEWS = YES;
				GENERATE_INFOPLIST_FILE = YES;
				INFOPLIST_FILE = "Calorie-Counter-Info.plist";
				INFOPLIST_KEY_CFBundleDisplayName = "Jim's";
				INFOPLIST_KEY_LSApplicationCategoryType = "public.app-category.healthcare-fitness";
				INFOPLIST_KEY_NSCameraUsageDescription = "We use your camera to add meals when requested.";
				INFOPLIST_KEY_NSPhotoLibraryUsageDescription = "We use photos to add meals when requested.";
				INFOPLIST_KEY_UIApplicationSceneManifest_Generation = YES;
				INFOPLIST_KEY_UIApplicationSupportsIndirectInputEvents = YES;
				INFOPLIST_KEY_UILaunchScreen_Generation = YES;
				INFOPLIST_KEY_UISupportedInterfaceOrientations = UIInterfaceOrientationPortrait;
				INFOPLIST_KEY_UISupportedInterfaceOrientations_iPad = "UIInterfaceOrientationLandscapeLeft UIInterfaceOrientationLandscapeRight UIInterfaceOrientationPortrait UIInterfaceOrientationPortraitUpsideDown";
				INFOPLIST_KEY_UIUserInterfaceStyle = Light;
				IPHONEOS_DEPLOYMENT_TARGET = 17.0;
				LD_RUNPATH_SEARCH_PATHS = (
					"$(inherited)",
					"@executable_path/Frameworks",
				);
				MARKETING_VERSION = 0.7.0;
				PRODUCT_BUNDLE_IDENTIFIER = "cx.jims.calorie-counter";
				PRODUCT_NAME = "$(TARGET_NAME)";
				SUPPORTED_PLATFORMS = "iphoneos iphonesimulator";
				SUPPORTS_MACCATALYST = NO;
				SUPPORTS_MAC_DESIGNED_FOR_IPHONE_IPAD = NO;
				SUPPORTS_XR_DESIGNED_FOR_IPHONE_IPAD = NO;
				SWIFT_EMIT_LOC_STRINGS = YES;
				SWIFT_VERSION = 5.0;
				TARGETED_DEVICE_FAMILY = 1;
			};
			name = Release;
		};
/* End XCBuildConfiguration section */

/* Begin XCConfigurationList section */
		38C2ED4D2BF4680E00B2C7C8 /* Build configuration list for PBXProject "Calorie Counter" */ = {
			isa = XCConfigurationList;
			buildConfigurations = (
				38C2ED602BF4681000B2C7C8 /* Debug */,
				38C2ED612BF4681000B2C7C8 /* Release */,
			);
			defaultConfigurationIsVisible = 0;
			defaultConfigurationName = Release;
		};
		38C2ED622BF4681000B2C7C8 /* Build configuration list for PBXNativeTarget "Calorie Counter" */ = {
			isa = XCConfigurationList;
			buildConfigurations = (
				38C2ED632BF4681000B2C7C8 /* Debug */,
				38C2ED642BF4681000B2C7C8 /* Release */,
			);
			defaultConfigurationIsVisible = 0;
			defaultConfigurationName = Release;
		};
/* End XCConfigurationList section */
	};
	rootObject = 38C2ED4A2BF4680E00B2C7C8 /* Project object */;
}
